
Microsoft Visual Studio Solution File, Format Version 12.00
# Visual Studio Version 17
VisualStudioVersion = 17.0.31903.59
MinimumVisualStudioVersion = 10.0.40219.1
Project("{2150E333-8FDC-42A3-9474-1A3956D46DE8}") = "src", "src", "{827E0CD3-B72D-47B6-A68D-7590B98EB39B}"
EndProject
Project("{FAE04EC0-301F-11D3-BF4B-00C04F79EFBC}") = "Pithos.Core", "src\Pithos.Core\Pithos.Core.csproj", "{F2BF58AB-EF09-49B2-A953-EDD00E527EA9}"
EndProject
Project("{2150E333-8FDC-42A3-9474-1A3956D46DE8}") = "tests", "tests", "{0AB3BF05-4346-4AA6-1389-037BE0695223}"
EndProject
Project("{FAE04EC0-301F-11D3-BF4B-00C04F79EFBC}") = "Pithos.Tests", "tests\Pithos.Tests\Pithos.Tests.csproj", "{2755DC01-CABB-437A-8B93-4BBB69ABC859}"
EndProject
Project("{2150E333-8FDC-42A3-9474-1A3956D46DE8}") = "benchmarks", "benchmarks", "{C3D4E5F6-A7B8-4901-CDEF-123456789012}"
EndProject
Project("{FAE04EC0-301F-11D3-BF4B-00C04F79EFBC}") = "Pithos.Benchmarks", "benchmarks\Pithos.Benchmarks\Pithos.Benchmarks.csproj", "{D4E5F6A7-B8C9-4012-DEF0-234567890123}"
EndProject
Project("{2150E333-8FDC-42A3-9474-1A3956D46DE8}") = "tools", "tools", "{07C2787E-EAC7-C090-1BA3-A61EC2A24D84}"
EndProject
Project("{FAE04EC0-301F-11D3-BF4B-00C04F79EFBC}") = "Pithos.Shell", "tools\Pithos.Shell\Pithos.Shell.csproj", "{50D6F905-5B77-48CF-8966-8FE503A9E97E}"
EndProject
Global
	GlobalSection(SolutionConfigurationPlatforms) = preSolution
		Debug|Any CPU = Debug|Any CPU
		Debug|x64 = Debug|x64
		Debug|x86 = Debug|x86
		Release|Any CPU = Release|Any CPU
		Release|x64 = Release|x64
		Release|x86 = Release|x86
	EndGlobalSection
	GlobalSection(ProjectConfigurationPlatforms) = postSolution
		{F2BF58AB-EF09-49B2-A953-EDD00E527EA9}.Debug|Any CPU.ActiveCfg = Debug|Any CPU
		{F2BF58AB-EF09-49B2-A953-EDD00E527EA9}.Debug|Any CPU.Build.0 = Debug|Any CPU
		{F2BF58AB-EF09-49B2-A953-EDD00E527EA9}.Debug|x64.ActiveCfg = Debug|Any CPU
		{F2BF58AB-EF09-49B2-A953-EDD00E527EA9}.Debug|x64.Build.0 = Debug|Any CPU
		{F2BF58AB-EF09-49B2-A953-EDD00E527EA9}.Debug|x86.ActiveCfg = Debug|Any CPU
		{F2BF58AB-EF09-49B2-A953-EDD00E527EA9}.Debug|x86.Build.0 = Debug|Any CPU
		{F2BF58AB-EF09-49B2-A953-EDD00E527EA9}.Release|Any CPU.ActiveCfg = Release|Any CPU
		{F2BF58AB-EF09-49B2-A953-EDD00E527EA9}.Release|Any CPU.Build.0 = Release|Any CPU
		{F2BF58AB-EF09-49B2-A953-EDD00E527EA9}.Release|x64.ActiveCfg = Release|Any CPU
		{F2BF58AB-EF09-49B2-A953-EDD00E527EA9}.Release|x64.Build.0 = Release|Any CPU
		{F2BF58AB-EF09-49B2-A953-EDD00E527EA9}.Release|x86.ActiveCfg = Release|Any CPU
		{F2BF58AB-EF09-49B2-A953-EDD00E527EA9}.Release|x86.Build.0 = Release|Any CPU
		{2755DC01-CABB-437A-8B93-4BBB69ABC859}.Debug|Any CPU.ActiveCfg = Debug|Any CPU
		{2755DC01-CABB-437A-8B93-4BBB69ABC859}.Debug|Any CPU.Build.0 = Debug|Any CPU
		{2755DC01-CABB-437A-8B93-4BBB69ABC859}.Debug|x64.ActiveCfg = Debug|Any CPU
		{2755DC01-CABB-437A-8B93-4BBB69ABC859}.Debug|x64.Build.0 = Debug|Any CPU
		{2755DC01-CABB-437A-8B93-4BBB69ABC859}.Debug|x86.ActiveCfg = Debug|Any CPU
		{2755DC01-CABB-437A-8B93-4BBB69ABC859}.Debug|x86.Build.0 = Debug|Any CPU
		{2755DC01-CABB-437A-8B93-4BBB69ABC859}.Release|Any CPU.ActiveCfg = Release|Any CPU
		{2755DC01-CABB-437A-8B93-4BBB69ABC859}.Release|Any CPU.Build.0 = Release|Any CPU
		{2755DC01-CABB-437A-8B93-4BBB69ABC859}.Release|x64.ActiveCfg = Release|Any CPU
		{2755DC01-CABB-437A-8B93-4BBB69ABC859}.Release|x64.Build.0 = Release|Any CPU
		{2755DC01-CABB-437A-8B93-4BBB69ABC859}.Release|x86.ActiveCfg = Release|Any CPU
		{2755DC01-CABB-437A-8B93-4BBB69ABC859}.Release|x86.Build.0 = Release|Any CPU
		{D4E5F6A7-B8C9-4012-DEF0-234567890123}.Debug|Any CPU.ActiveCfg = Debug|Any CPU
		{D4E5F6A7-B8C9-4012-DEF0-234567890123}.Debug|Any CPU.Build.0 = Debug|Any CPU
		{D4E5F6A7-B8C9-4012-DEF0-234567890123}.Debug|x64.ActiveCfg = Debug|Any CPU
		{D4E5F6A7-B8C9-4012-DEF0-234567890123}.Debug|x64.Build.0 = Debug|Any CPU
		{D4E5F6A7-B8C9-4012-DEF0-234567890123}.Debug|x86.ActiveCfg = Debug|Any CPU
		{D4E5F6A7-B8C9-4012-DEF0-234567890123}.Debug|x86.Build.0 = Debug|Any CPU
		{D4E5F6A7-B8C9-4012-DEF0-234567890123}.Release|Any CPU.ActiveCfg = Release|Any CPU
		{D4E5F6A7-B8C9-4012-DEF0-234567890123}.Release|Any CPU.Build.0 = Release|Any CPU
		{D4E5F6A7-B8C9-4012-DEF0-234567890123}.Release|x64.ActiveCfg = Release|Any CPU
		{D4E5F6A7-B8C9-4012-DEF0-234567890123}.Release|x64.Build.0 = Release|Any CPU
		{D4E5F6A7-B8C9-4012-DEF0-234567890123}.Release|x86.ActiveCfg = Release|Any CPU
		{D4E5F6A7-B8C9-4012-DEF0-234567890123}.Release|x86.Build.0 = Release|Any CPU
		{50D6F905-5B77-48CF-8966-8FE503A9E97E}.Debug|Any CPU.ActiveCfg = Debug|Any CPU
		{50D6F905-5B77-48CF-8966-8FE503A9E97E}.Debug|Any CPU.Build.0 = Debug|Any CPU
		{50D6F905-5B77-48CF-8966-8FE503A9E97E}.Debug|x64.ActiveCfg = Debug|Any CPU
		{50D6F905-5B77-48CF-8966-8FE503A9E97E}.Debug|x64.Build.0 = Debug|Any CPU
		{50D6F905-5B77-48CF-8966-8FE503A9E97E}.Debug|x86.ActiveCfg = Debug|Any CPU
		{50D6F905-5B77-48CF-8966-8FE503A9E97E}.Debug|x86.Build.0 = Debug|Any CPU
		{50D6F905-5B77-48CF-8966-8FE503A9E97E}.Release|Any CPU.ActiveCfg = Release|Any CPU
		{50D6F905-5B77-48CF-8966-8FE503A9E97E}.Release|Any CPU.Build.0 = Release|Any CPU
		{50D6F905-5B77-48CF-8966-8FE503A9E97E}.Release|x64.ActiveCfg = Release|Any CPU
		{50D6F905-5B77-48CF-8966-8FE503A9E97E}.Release|x64.Build.0 = Release|Any CPU
		{50D6F905-5B77-48CF-8966-8FE503A9E97E}.Release|x86.ActiveCfg = Release|Any CPU
		{50D6F905-5B77-48CF-8966-8FE503A9E97E}.Release|x86.Build.0 = Release|Any CPU
	EndGlobalSection
	GlobalSection(SolutionProperties) = preSolution
		HideSolutionNode = FALSE
	EndGlobalSection
	GlobalSection(NestedProjects) = preSolution
		{F2BF58AB-EF09-49B2-A953-EDD00E527EA9} = {827E0CD3-B72D-47B6-A68D-7590B98EB39B}
		{2755DC01-CABB-437A-8B93-4BBB69ABC859} = {0AB3BF05-4346-4AA6-1389-037BE0695223}
		{D4E5F6A7-B8C9-4012-DEF0-234567890123} = {C3D4E5F6-A7B8-4901-CDEF-123456789012}
		{50D6F905-5B77-48CF-8966-8FE503A9E97E} = {07C2787E-EAC7-C090-1BA3-A61EC2A24D84}
	EndGlobalSection
EndGlobal
